
Microsoft Visual Studio Solution File, Format Version 12.00
# Visual Studio Version 17
VisualStudioVersion = 17.0.32014.148
MinimumVisualStudioVersion = 10.0.40219.1
Project("{FAE04EC0-301F-11D3-BF4B-00C04F79EFBC}") = "Projeto02", "Projeto02\Projeto02.csproj", "{0E46BA24-BD02-4B47-930B-4A78A9F727DC}"
EndProject
Global
	GlobalSection(SolutionConfigurationPlatforms) = preSolution
		Debug|Any CPU = Debug|Any CPU
		Release|Any CPU = Release|Any CPU
	EndGlobalSection
	GlobalSection(ProjectConfigurationPlatforms) = postSolution
		{0E46BA24-BD02-4B47-930B-4A78A9F727DC}.Debug|Any CPU.ActiveCfg = Debug|Any CPU
		{0E46BA24-BD02-4B47-930B-4A78A9F727DC}.Debug|Any CPU.Build.0 = Debug|Any CPU
		{0E46BA24-BD02-4B47-930B-4A78A9F727DC}.Release|Any CPU.ActiveCfg = Release|Any CPU
		{0E46BA24-BD02-4B47-930B-4A78A9F727DC}.Release|Any CPU.Build.0 = Release|Any CPU
	EndGlobalSection
	GlobalSection(SolutionProperties) = preSolution
		HideSolutionNode = FALSE
	EndGlobalSection
	GlobalSection(ExtensibilityGlobals) = postSolution
		SolutionGuid = {75196D2C-1CA5-490E-B5FD-C6974261A2D6}
	EndGlobalSection
EndGlobal
